
Microsoft Visual Studio Solution File, Format Version 12.00
# Visual Studio 2013
VisualStudioVersion = 12.0.31101.0
MinimumVisualStudioVersion = 10.0.40219.1
Project("{FAE04EC0-301F-11D3-BF4B-00C04F79EFBC}") = "Excel_Exploratory_Data_Analysis_Tool", "Excel_Exploratory_Data_Analysis_Tool\Excel_Exploratory_Data_Analysis_Tool.csproj", "{FC3CA47C-3A66-4A4B-B1E9-7BF9F27D92E2}"
EndProject
Project("{FAE04EC0-301F-11D3-BF4B-00C04F79EFBC}") = "DataLibrary", "DataLibrary\DataLibrary.csproj", "{8808F9F2-A20C-4AF6-9615-04A824B7BCAF}"
EndProject
Global
	GlobalSection(SolutionConfigurationPlatforms) = preSolution
		Debug|Any CPU = Debug|Any CPU
		Release|Any CPU = Release|Any CPU
	EndGlobalSection
	GlobalSection(ProjectConfigurationPlatforms) = postSolution
		{FC3CA47C-3A66-4A4B-B1E9-7BF9F27D92E2}.Debug|Any CPU.ActiveCfg = Debug|Any CPU
		{FC3CA47C-3A66-4A4B-B1E9-7BF9F27D92E2}.Debug|Any CPU.Build.0 = Debug|Any CPU
		{FC3CA47C-3A66-4A4B-B1E9-7BF9F27D92E2}.Release|Any CPU.ActiveCfg = Release|Any CPU
		{FC3CA47C-3A66-4A4B-B1E9-7BF9F27D92E2}.Release|Any CPU.Build.0 = Release|Any CPU
		{8808F9F2-A20C-4AF6-9615-04A824B7BCAF}.Debug|Any CPU.ActiveCfg = Debug|Any CPU
		{8808F9F2-A20C-4AF6-9615-04A824B7BCAF}.Debug|Any CPU.Build.0 = Debug|Any CPU
		{8808F9F2-A20C-4AF6-9615-04A824B7BCAF}.Release|Any CPU.ActiveCfg = Release|Any CPU
		{8808F9F2-A20C-4AF6-9615-04A824B7BCAF}.Release|Any CPU.Build.0 = Release|Any CPU
	EndGlobalSection
	GlobalSection(SolutionProperties) = preSolution
		HideSolutionNode = FALSE
	EndGlobalSection
EndGlobal
